
Microsoft Visual Studio Solution File, Format Version 10.00
# Visual Studio 2008
Project("{8BC9CEB8-8B4A-11D0-8D11-00A0C91BC942}") = "1.Test", "Test\Test.vcproj", "{B5A40364-CEC3-46FB-84CF-AFF5057D084C}"
	ProjectSection(ProjectDependencies) = postProject
		{F4C11615-2542-41DB-98A2-31C10A647DCC} = {F4C11615-2542-41DB-98A2-31C10A647DCC}
		{07C60D6B-3413-4FB7-8128-FDB0D7F6536D} = {07C60D6B-3413-4FB7-8128-FDB0D7F6536D}
		{E510429F-A5FF-46D1-A9EF-06B93B7EBC13} = {E510429F-A5FF-46D1-A9EF-06B93B7EBC13}
	EndProjectSection
EndProject
Project("{8BC9CEB8-8B4A-11D0-8D11-00A0C91BC942}") = "2.MIPSPI", "MIPSPI\MIPSPI.vcproj", "{E510429F-A5FF-46D1-A9EF-06B93B7EBC13}"
EndProject
Project("{8BC9CEB8-8B4A-11D0-8D11-00A0C91BC942}") = "4_GameHook", "GameHook\GameHook.vcproj", "{F4C11615-2542-41DB-98A2-31C10A647DCC}"
EndProject
Project("{8BC9CEB8-8B4A-11D0-8D11-00A0C91BC942}") = "3.ToD", "ToD\ToD.vcproj", "{07C60D6B-3413-4FB7-8128-FDB0D7F6536D}"
EndProject
Global
	GlobalSection(SolutionConfigurationPlatforms) = preSolution
		Debug|Win32 = Debug|Win32
		Release|Win32 = Release|Win32
	EndGlobalSection
	GlobalSection(ProjectConfigurationPlatforms) = postSolution
		{B5A40364-CEC3-46FB-84CF-AFF5057D084C}.Debug|Win32.ActiveCfg = Debug|Win32
		{B5A40364-CEC3-46FB-84CF-AFF5057D084C}.Debug|Win32.Build.0 = Debug|Win32
		{B5A40364-CEC3-46FB-84CF-AFF5057D084C}.Release|Win32.ActiveCfg = Release|Win32
		{B5A40364-CEC3-46FB-84CF-AFF5057D084C}.Release|Win32.Build.0 = Release|Win32
		{E510429F-A5FF-46D1-A9EF-06B93B7EBC13}.Debug|Win32.ActiveCfg = Release|Win32
		{E510429F-A5FF-46D1-A9EF-06B93B7EBC13}.Debug|Win32.Build.0 = Release|Win32
		{E510429F-A5FF-46D1-A9EF-06B93B7EBC13}.Release|Win32.ActiveCfg = Release|Win32
		{E510429F-A5FF-46D1-A9EF-06B93B7EBC13}.Release|Win32.Build.0 = Release|Win32
		{F4C11615-2542-41DB-98A2-31C10A647DCC}.Debug|Win32.ActiveCfg = Debug|Win32
		{F4C11615-2542-41DB-98A2-31C10A647DCC}.Debug|Win32.Build.0 = Debug|Win32
		{F4C11615-2542-41DB-98A2-31C10A647DCC}.Release|Win32.ActiveCfg = Release|Win32
		{F4C11615-2542-41DB-98A2-31C10A647DCC}.Release|Win32.Build.0 = Release|Win32
		{07C60D6B-3413-4FB7-8128-FDB0D7F6536D}.Debug|Win32.ActiveCfg = Debug|Win32
		{07C60D6B-3413-4FB7-8128-FDB0D7F6536D}.Debug|Win32.Build.0 = Debug|Win32
		{07C60D6B-3413-4FB7-8128-FDB0D7F6536D}.Release|Win32.ActiveCfg = Release|Win32
		{07C60D6B-3413-4FB7-8128-FDB0D7F6536D}.Release|Win32.Build.0 = Release|Win32
	EndGlobalSection
	GlobalSection(SolutionProperties) = preSolution
		HideSolutionNode = FALSE
	EndGlobalSection
EndGlobal
