<?xml version="1.0" encoding="utf-8"?>
<Project ToolsVersion="4.0" xmlns="http://schemas.microsoft.com/developer/msbuild/2003">
  <ItemGroup>
    <Filter Include="Source Files">
      <UniqueIdentifier>{8c5ece00-03cc-4703-be1c-58f470534e9c}</UniqueIdentifier>
      <Extensions>cpp;c;cxx;rc;def;r;odl;idl;hpj;bat</Extensions>
    </Filter>
    <Filter Include="Header Files">
      <UniqueIdentifier>{9d414f5d-24a1-4c6b-a225-88abd9f15578}</UniqueIdentifier>
      <Extensions>h;hpp;hxx;hm;inl</Extensions>
    </Filter>
    <Filter Include="Resource Files">
      <UniqueIdentifier>{8dc1eb4b-61a1-48ba-8f0c-3394c3ffd522}</UniqueIdentifier>
      <Extensions>ico;cur;bmp;dlg;rc2;rct;bin;rgs;gif;jpg;jpeg;jpe</Extensions>
    </Filter>
  </ItemGroup>
  <ItemGroup>
    <ClCompile Include="AdvancedOptionPage.cpp">
      <Filter>Source Files</Filter>
    </ClCompile>
    <ClCompile Include="AntiKeylogger.cpp">
      <Filter>Source Files</Filter>
    </ClCompile>
    <ClCompile Include="AntiKeyloggerDlg.cpp">
      <Filter>Source Files</Filter>
    </ClCompile>
    <ClCompile Include="Comm.cpp">
      <Filter>Source Files</Filter>
    </ClCompile>
    <ClCompile Include="DetectPage.cpp">
      <Filter>Source Files</Filter>
    </ClCompile>
    <ClCompile Include="FileInfo.cpp">
      <Filter>Source Files</Filter>
    </ClCompile>
    <ClCompile Include="Global.cpp">
      <Filter>Source Files</Filter>
    </ClCompile>
    <ClCompile Include="hash&amp;crypt.cpp">
      <Filter>Source Files</Filter>
    </ClCompile>
    <ClCompile Include="hook.cpp">
      <Filter>Source Files</Filter>
    </ClCompile>
    <ClCompile Include="Init.cpp">
      <Filter>Source Files</Filter>
    </ClCompile>
    <ClCompile Include="logo.cpp">
      <Filter>Source Files</Filter>
    </ClCompile>
    <ClCompile Include="NotifyDialog.cpp">
      <Filter>Source Files</Filter>
    </ClCompile>
    <ClCompile Include="password.cpp">
      <Filter>Source Files</Filter>
    </ClCompile>
    <ClCompile Include="PrefsStatic.cpp">
      <Filter>Source Files</Filter>
    </ClCompile>
    <ClCompile Include="StdAfx.cpp">
      <Filter>Source Files</Filter>
    </ClCompile>
    <ClCompile Include="ThreadDataList.cpp">
      <Filter>Source Files</Filter>
    </ClCompile>
    <ClCompile Include="Trans.cpp">
      <Filter>Source Files</Filter>
    </ClCompile>
    <ClCompile Include="TrayDialog.cpp">
      <Filter>Source Files</Filter>
    </ClCompile>
    <ClCompile Include="uninstall.cpp">
      <Filter>Source Files</Filter>
    </ClCompile>
    <ClCompile Include="UserOptionPage.cpp">
      <Filter>Source Files</Filter>
    </ClCompile>
    <ClCompile Include="WhitePage.cpp">
      <Filter>Source Files</Filter>
    </ClCompile>
  </ItemGroup>
  <ItemGroup>
    <ClInclude Include="AdvancedOptionPage.h">
      <Filter>Header Files</Filter>
    </ClInclude>
    <ClInclude Include="AntiKeylogger.h">
      <Filter>Header Files</Filter>
    </ClInclude>
    <ClInclude Include="AntiKeyloggerDlg.h">
      <Filter>Header Files</Filter>
    </ClInclude>
    <ClInclude Include="Comm.h">
      <Filter>Header Files</Filter>
    </ClInclude>
    <ClInclude Include="Constdef.h">
      <Filter>Header Files</Filter>
    </ClInclude>
    <ClInclude Include="DetectPage.h">
      <Filter>Header Files</Filter>
    </ClInclude>
    <ClInclude Include="FileInfo.h">
      <Filter>Header Files</Filter>
    </ClInclude>
    <ClInclude Include="Global.h">
      <Filter>Header Files</Filter>
    </ClInclude>
    <ClInclude Include="hash&amp;crypt.h">
      <Filter>Header Files</Filter>
    </ClInclude>
    <ClInclude Include="hook.h">
      <Filter>Header Files</Filter>
    </ClInclude>
    <ClInclude Include="Init.h">
      <Filter>Header Files</Filter>
    </ClInclude>
    <ClInclude Include="logo.h">
      <Filter>Header Files</Filter>
    </ClInclude>
    <ClInclude Include="NotifyDialog.h">
      <Filter>Header Files</Filter>
    </ClInclude>
    <ClInclude Include="ntdll.h">
      <Filter>Header Files</Filter>
    </ClInclude>
    <ClInclude Include="ntstatus.h">
      <Filter>Header Files</Filter>
    </ClInclude>
    <ClInclude Include="password.h">
      <Filter>Header Files</Filter>
    </ClInclude>
    <ClInclude Include="PrefsStatic.h">
      <Filter>Header Files</Filter>
    </ClInclude>
    <ClInclude Include="Resource.h">
      <Filter>Header Files</Filter>
    </ClInclude>
    <ClInclude Include="StdAfx.h">
      <Filter>Header Files</Filter>
    </ClInclude>
    <ClInclude Include="ThreadDataList.h">
      <Filter>Header Files</Filter>
    </ClInclude>
    <ClInclude Include="Trans.h">
      <Filter>Header Files</Filter>
    </ClInclude>
    <ClInclude Include="TrayDialog.h">
      <Filter>Header Files</Filter>
    </ClInclude>
    <ClInclude Include="uninstall.h">
      <Filter>Header Files</Filter>
    </ClInclude>
    <ClInclude Include="UserOptionPage.h">
      <Filter>Header Files</Filter>
    </ClInclude>
    <ClInclude Include="WhitePage.h">
      <Filter>Header Files</Filter>
    </ClInclude>
    <ClInclude Include="Wintrust.h">
      <Filter>Header Files</Filter>
    </ClInclude>
  </ItemGroup>
  <ItemGroup>
    <ResourceCompile Include="AntiKeylogger.rc">
      <Filter>Resource Files</Filter>
    </ResourceCompile>
  </ItemGroup>
  <ItemGroup>
    <CustomBuild Include="res\AntiKeylogger.ico">
      <Filter>Resource Files</Filter>
    </CustomBuild>
    <CustomBuild Include="res\AntiKeylogger.rc2">
      <Filter>Resource Files</Filter>
    </CustomBuild>
    <CustomBuild Include="res\bin1.bin">
      <Filter>Resource Files</Filter>
    </CustomBuild>
    <CustomBuild Include="res\Data.bin">
      <Filter>Resource Files</Filter>
    </CustomBuild>
    <CustomBuild Include="res\FACE03.ICO">
      <Filter>Resource Files</Filter>
    </CustomBuild>
    <CustomBuild Include="res\FACE04.ICO">
      <Filter>Resource Files</Filter>
    </CustomBuild>
    <CustomBuild Include="res\Logo.bmp">
      <Filter>Resource Files</Filter>
    </CustomBuild>
    <CustomBuild Include="res\Notify.bmp">
      <Filter>Resource Files</Filter>
    </CustomBuild>
    <CustomBuild Include="ReadMe.txt" />
    <CustomBuild Include="res\SHKeyPro.sys" />
  </ItemGroup>
</Project>